// !$*UTF8*$!
{
	archiveVersion = 1;
	classes = {
	};
	objectVersion = 46;
	objects = {

/* Begin PBXBuildFile section */
		B8F6CBCB1E598CDB00F43742 /* AppDelegate.swift in Sources */ = {isa = PBXBuildFile; fileRef = B8F6CBCA1E598CDB00F43742 /* AppDelegate.swift */; };
		B8F6CBCD1E598CDB00F43742 /* ViewController.swift in Sources */ = {isa = PBXBuildFile; fileRef = B8F6CBCC1E598CDB00F43742 /* ViewController.swift */; };
		B8F6CBD01E598CDB00F43742 /* Main.storyboard in Resources */ = {isa = PBXBuildFile; fileRef = B8F6CBCE1E598CDB00F43742 /* Main.storyboard */; };
		B8F6CBD21E598CDB00F43742 /* Assets.xcassets in Resources */ = {isa = PBXBuildFile; fileRef = B8F6CBD11E598CDB00F43742 /* Assets.xcassets */; };
		B8F6CBD51E598CDB00F43742 /* LaunchScreen.storyboard in Resources */ = {isa = PBXBuildFile; fileRef = B8F6CBD31E598CDB00F43742 /* LaunchScreen.storyboard */; };
		C651BD06E3B2A687E7AF60BF /* Pods_HeroExample.framework in Frameworks */ = {isa = PBXBuildFile; fileRef = 72E51EF17D9ED1945AE05792 /* Pods_HeroExample.framework */; };
/* End PBXBuildFile section */

/* Begin PBXFileReference section */
		364EDCEF37BE4E96BF8DAA38 /* Pods-HeroExample.debug.xcconfig */ = {isa = PBXFileReference; includeInIndex = 1; lastKnownFileType = text.xcconfig; name = "Pods-HeroExample.debug.xcconfig"; path = "Pods/Target Support Files/Pods-HeroExample/Pods-HeroExample.debug.xcconfig"; sourceTree = "<group>"; };
		72E51EF17D9ED1945AE05792 /* Pods_HeroExample.framework */ = {isa = PBXFileReference; explicitFileType = wrapper.framework; includeInIndex = 0; path = Pods_HeroExample.framework; sourceTree = BUILT_PRODUCTS_DIR; };
		AC320D628B2101C8CA88643C /* Pods-HeroExample.release.xcconfig */ = {isa = PBXFileReference; includeInIndex = 1; lastKnownFileType = text.xcconfig; name = "Pods-HeroExample.release.xcconfig"; path = "Pods/Target Support Files/Pods-HeroExample/Pods-HeroExample.release.xcconfig"; sourceTree = "<group>"; };
		B8F6CBC71E598CDB00F43742 /* HeroExample.app */ = {isa = PBXFileReference; explicitFileType = wrapper.application; includeInIndex = 0; path = HeroExample.app; sourceTree = BUILT_PRODUCTS_DIR; };
		B8F6CBCA1E598CDB00F43742 /* AppDelegate.swift */ = {isa = PBXFileReference; lastKnownFileType = sourcecode.swift; path = AppDelegate.swift; sourceTree = "<group>"; };
		B8F6CBCC1E598CDB00F43742 /* ViewController.swift */ = {isa = PBXFileReference; lastKnownFileType = sourcecode.swift; path = ViewController.swift; sourceTree = "<group>"; };
		B8F6CBCF1E598CDB00F43742 /* Base */ = {isa = PBXFileReference; lastKnownFileType = file.storyboard; name = Base; path = Base.lproj/Main.storyboard; sourceTree = "<group>"; };
		B8F6CBD11E598CDB00F43742 /* Assets.xcassets */ = {isa = PBXFileReference; lastKnownFileType = folder.assetcatalog; path = Assets.xcassets; sourceTree = "<group>"; };
		B8F6CBD41E598CDB00F43742 /* Base */ = {isa = PBXFileReference; lastKnownFileType = file.storyboard; name = Base; path = Base.lproj/LaunchScreen.storyboard; sourceTree = "<group>"; };
		B8F6CBD61E598CDB00F43742 /* Info.plist */ = {isa = PBXFileReference; lastKnownFileType = text.plist.xml; path = Info.plist; sourceTree = "<group>"; };
/* End PBXFileReference section */

/* Begin PBXFrameworksBuildPhase section */
		B8F6CBC41E598CDB00F43742 /* Frameworks */ = {
			isa = PBXFrameworksBuildPhase;
			buildActionMask = 2147483647;
			files = (
				C651BD06E3B2A687E7AF60BF /* Pods_HeroExample.framework in Frameworks */,
			);
			runOnlyForDeploymentPostprocessing = 0;
		};
/* End PBXFrameworksBuildPhase section */

/* Begin PBXGroup section */
		3C53638A8D6BCFE6B30DC270 /* Frameworks */ = {
			isa = PBXGroup;
			children = (
				72E51EF17D9ED1945AE05792 /* Pods_HeroExample.framework */,
			);
			name = Frameworks;
			sourceTree = "<group>";
		};
		4A5F38E30577B961B3F779C4 /* Pods */ = {
			isa = PBXGroup;
			children = (
				364EDCEF37BE4E96BF8DAA38 /* Pods-HeroExample.debug.xcconfig */,
				AC320D628B2101C8CA88643C /* Pods-HeroExample.release.xcconfig */,
			);
			name = Pods;
			sourceTree = "<group>";
		};
		B8F6CBBE1E598CDB00F43742 = {
			isa = PBXGroup;
			children = (
				B8F6CBC91E598CDB00F43742 /* HeroExample */,
				B8F6CBC81E598CDB00F43742 /* Products */,
				4A5F38E30577B961B3F779C4 /* Pods */,
				3C53638A8D6BCFE6B30DC270 /* Frameworks */,
			);
			sourceTree = "<group>";
		};
		B8F6CBC81E598CDB00F43742 /* Products */ = {
			isa = PBXGroup;
			children = (
				B8F6CBC71E598CDB00F43742 /* HeroExample.app */,
			);
			name = Products;
			sourceTree = "<group>";
		};
		B8F6CBC91E598CDB00F43742 /* HeroExample */ = {
			isa = PBXGroup;
			children = (
				B8F6CBCA1E598CDB00F43742 /* AppDelegate.swift */,
				B8F6CBCC1E598CDB00F43742 /* ViewController.swift */,
				B8F6CBCE1E598CDB00F43742 /* Main.storyboard */,
				B8F6CBD11E598CDB00F43742 /* Assets.xcassets */,
				B8F6CBD31E598CDB00F43742 /* LaunchScreen.storyboard */,
				B8F6CBD61E598CDB00F43742 /* Info.plist */,
			);
			path = HeroExample;
			sourceTree = "<group>";
		};
/* End PBXGroup section */

/* Begin PBXNativeTarget section */
		B8F6CBC61E598CDB00F43742 /* HeroExample */ = {
			isa = PBXNativeTarget;
			buildConfigurationList = B8F6CBD91E598CDB00F43742 /* Build configuration list for PBXNativeTarget "HeroExample" */;
			buildPhases = (
				130E2053A34224E397BF9A74 /* [CP] Check Pods Manifest.lock */,
				B8F6CBC31E598CDB00F43742 /* Sources */,
				B8F6CBC41E598CDB00F43742 /* Frameworks */,
				B8F6CBC51E598CDB00F43742 /* Resources */,
				95A862A856C28D6BA479DE0B /* [CP] Embed Pods Frameworks */,
				1E7853527E7CCD89D03BE64A /* [CP] Copy Pods Resources */,
			);
			buildRules = (
			);
			dependencies = (
			);
			name = HeroExample;
			productName = HeroExample;
			productReference = B8F6CBC71E598CDB00F43742 /* HeroExample.app */;
			productType = "com.apple.product-type.application";
		};
/* End PBXNativeTarget section */

/* Begin PBXProject section */
		B8F6CBBF1E598CDB00F43742 /* Project object */ = {
			isa = PBXProject;
			attributes = {
				LastSwiftUpdateCheck = 0820;
				LastUpgradeCheck = 0820;
				ORGANIZATIONNAME = ikezzi;
				TargetAttributes = {
					B8F6CBC61E598CDB00F43742 = {
						CreatedOnToolsVersion = 8.2.1;
						ProvisioningStyle = Automatic;
					};
				};
			};
			buildConfigurationList = B8F6CBC21E598CDB00F43742 /* Build configuration list for PBXProject "HeroExample" */;
			compatibilityVersion = "Xcode 3.2";
			developmentRegion = English;
			hasScannedForEncodings = 0;
			knownRegions = (
				en,
				Base,
			);
			mainGroup = B8F6CBBE1E598CDB00F43742;
			productRefGroup = B8F6CBC81E598CDB00F43742 /* Products */;
			projectDirPath = "";
			projectRoot = "";
			targets = (
				B8F6CBC61E598CDB00F43742 /* HeroExample */,
			);
		};
/* End PBXProject section */

/* Begin PBXResourcesBuildPhase section */
		B8F6CBC51E598CDB00F43742 /* Resources */ = {
			isa = PBXResourcesBuildPhase;
			buildActionMask = 2147483647;
			files = (
				B8F6CBD51E598CDB00F43742 /* LaunchScreen.storyboard in Resources */,
				B8F6CBD21E598CDB00F43742 /* Assets.xcassets in Resources */,
				B8F6CBD01E598CDB00F43742 /* Main.storyboard in Resources */,
			);
			runOnlyForDeploymentPostprocessing = 0;
		};
/* End PBXResourcesBuildPhase section */

/* Begin PBXShellScriptBuildPhase section */
		130E2053A34224E397BF9A74 /* [CP] Check Pods Manifest.lock */ = {
			isa = PBXShellScriptBuildPhase;
			buildActionMask = 2147483647;
			files = (
			);
			inputPaths = (
			);
			name = "[CP] Check Pods Manifest.lock";
			outputPaths = (
			);
			runOnlyForDeploymentPostprocessing = 0;
			shellPath = /bin/sh;
			shellScript = "diff \"${PODS_ROOT}/../Podfile.lock\" \"${PODS_ROOT}/Manifest.lock\" > /dev/null\nif [ $? != 0 ] ; then\n    # print error to STDERR\n    echo \"error: The sandbox is not in sync with the Podfile.lock. Run 'pod install' or update your CocoaPods installation.\" >&2\n    exit 1\nfi\n";
			showEnvVarsInLog = 0;
		};
		1E7853527E7CCD89D03BE64A /* [CP] Copy Pods Resources */ = {
			isa = PBXShellScriptBuildPhase;
			buildActionMask = 2147483647;
			files = (
			);
			inputPaths = (
			);
			name = "[CP] Copy Pods Resources";
			outputPaths = (
			);
			runOnlyForDeploymentPostprocessing = 0;
			shellPath = /bin/sh;
			shellScript = "\"${SRCROOT}/Pods/Target Support Files/Pods-HeroExample/Pods-HeroExample-resources.sh\"\n";
			showEnvVarsInLog = 0;
		};
		95A862A856C28D6BA479DE0B /* [CP] Embed Pods Frameworks */ = {
			isa = PBXShellScriptBuildPhase;
			buildActionMask = 2147483647;
			files = (
			);
			inputPaths = (
			);
			name = "[CP] Embed Pods Frameworks";
			outputPaths = (
			);
			runOnlyForDeploymentPostprocessing = 0;
			shellPath = /bin/sh;
			shellScript = "\"${SRCROOT}/Pods/Target Support Files/Pods-HeroExample/Pods-HeroExample-frameworks.sh\"\n";
			showEnvVarsInLog = 0;
		};
/* End PBXShellScriptBuildPhase section */

/* Begin PBXSourcesBuildPhase section */
		B8F6CBC31E598CDB00F43742 /* Sources */ = {
			isa = PBXSourcesBuildPhase;
			buildActionMask = 2147483647;
			files = (
				B8F6CBCD1E598CDB00F43742 /* ViewController.swift in Sources */,
				B8F6CBCB1E598CDB00F43742 /* AppDelegate.swift in Sources */,
			);
			runOnlyForDeploymentPostprocessing = 0;
		};
/* End PBXSourcesBuildPhase section */

/* Begin PBXVariantGroup section */
		B8F6CBCE1E598CDB00F43742 /* Main.storyboard */ = {
			isa = PBXVariantGroup;
			children = (
				B8F6CBCF1E598CDB00F43742 /* Base */,
			);
			name = Main.storyboard;
			sourceTree = "<group>";
		};
		B8F6CBD31E598CDB00F43742 /* LaunchScreen.storyboard */ = {
			isa = PBXVariantGroup;
			children = (
				B8F6CBD41E598CDB00F43742 /* Base */,
			);
			name = LaunchScreen.storyboard;
			sourceTree = "<group>";
		};
/* End PBXVariantGroup section */

/* Begin XCBuildConfiguration section */
		B8F6CBD71E598CDB00F43742 /* Debug */ = {
			isa = XCBuildConfiguration;
			buildSettings = {
				ALWAYS_SEARCH_USER_PATHS = NO;
				CLANG_ANALYZER_NONNULL = YES;
				CLANG_CXX_LANGUAGE_STANDARD = "gnu++0x";
				CLANG_CXX_LIBRARY = "libc++";
				CLANG_ENABLE_MODULES = YES;
				CLANG_ENABLE_OBJC_ARC = YES;
				CLANG_WARN_BOOL_CONVERSION = YES;
				CLANG_WARN_CONSTANT_CONVERSION = YES;
				CLANG_WARN_DIRECT_OBJC_ISA_USAGE = YES_ERROR;
				CLANG_WARN_DOCUMENTATION_COMMENTS = YES;
				CLANG_WARN_EMPTY_BODY = YES;
				CLANG_WARN_ENUM_CONVERSION = YES;
				CLANG_WARN_INFINITE_RECURSION = YES;
				CLANG_WARN_INT_CONVERSION = YES;
				CLANG_WARN_OBJC_ROOT_CLASS = YES_ERROR;
				CLANG_WARN_SUSPICIOUS_MOVE = YES;
				CLANG_WARN_UNREACHABLE_CODE = YES;
				CLANG_WARN__DUPLICATE_METHOD_MATCH = YES;
				"CODE_SIGN_IDENTITY[sdk=iphoneos*]" = "iPhone Developer";
				COPY_PHASE_STRIP = NO;
				DEBUG_INFORMATION_FORMAT = dwarf;
				ENABLE_STRICT_OBJC_MSGSEND = YES;
				ENABLE_TESTABILITY = YES;
				GCC_C_LANGUAGE_STANDARD = gnu99;
				GCC_DYNAMIC_NO_PIC = NO;
				GCC_NO_COMMON_BLOCKS = YES;
				GCC_OPTIMIZATION_LEVEL = 0;
				GCC_PREPROCESSOR_DEFINITIONS = (
					"DEBUG=1",
					"$(inherited)",
				);
				GCC_WARN_64_TO_32_BIT_CONVERSION = YES;
				GCC_WARN_ABOUT_RETURN_TYPE = YES_ERROR;
				GCC_WARN_UNDECLARED_SELECTOR = YES;
				GCC_WARN_UNINITIALIZED_AUTOS = YES_AGGRESSIVE;
				GCC_WARN_UNUSED_FUNCTION = YES;
				GCC_WARN_UNUSED_VARIABLE = YES;
				IPHONEOS_DEPLOYMENT_TARGET = 10.2;
				MTL_ENABLE_DEBUG_INFO = YES;
				ONLY_ACTIVE_ARCH = YES;
				SDKROOT = iphoneos;
				SWIFT_ACTIVE_COMPILATION_CONDITIONS = DEBUG;
				SWIFT_OPTIMIZATION_LEVEL = "-Onone";
				TARGETED_DEVICE_FAMILY = "1,2";
			};
			name = Debug;
		};
		B8F6CBD81E598CDB00F43742 /* Release */ = {
			isa = XCBuildConfiguration;
			buildSettings = {
				ALWAYS_SEARCH_USER_PATHS = NO;
				CLANG_ANALYZER_NONNULL = YES;
				CLANG_CXX_LANGUAGE_STANDARD = "gnu++0x";
				CLANG_CXX_LIBRARY = "libc++";
				CLANG_ENABLE_MODULES = YES;
				CLANG_ENABLE_OBJC_ARC = YES;
				CLANG_WARN_BOOL_CONVERSION = YES;
				CLANG_WARN_CONSTANT_CONVERSION = YES;
				CLANG_WARN_DIRECT_OBJC_ISA_USAGE = YES_ERROR;
				CLANG_WARN_DOCUMENTATION_COMMENTS = YES;
				CLANG_WARN_EMPTY_BODY = YES;
				CLANG_WARN_ENUM_CONVERSION = YES;
				CLANG_WARN_INFINITE_RECURSION = YES;
				CLANG_WARN_INT_CONVERSION = YES;
				CLANG_WARN_OBJC_ROOT_CLASS = YES_ERROR;
				CLANG_WARN_SUSPICIOUS_MOVE = YES;
				CLANG_WARN_UNREACHABLE_CODE = YES;
				CLANG_WARN__DUPLICATE_METHOD_MATCH = YES;
				"CODE_SIGN_IDENTITY[sdk=iphoneos*]" = "iPhone Developer";
				COPY_PHASE_STRIP = NO;
				DEBUG_INFORMATION_FORMAT = "dwarf-with-dsym";
				ENABLE_NS_ASSERTIONS = NO;
				ENABLE_STRICT_OBJC_MSGSEND = YES;
				GCC_C_LANGUAGE_STANDARD = gnu99;
				GCC_NO_COMMON_BLOCKS = YES;
				GCC_WARN_64_TO_32_BIT_CONVERSION = YES;
				GCC_WARN_ABOUT_RETURN_TYPE = YES_ERROR;
				GCC_WARN_UNDECLARED_SELECTOR = YES;
				GCC_WARN_UNINITIALIZED_AUTOS = YES_AGGRESSIVE;
				GCC_WARN_UNUSED_FUNCTION = YES;
				GCC_WARN_UNUSED_VARIABLE = YES;
				IPHONEOS_DEPLOYMENT_TARGET = 10.2;
				MTL_ENABLE_DEBUG_INFO = NO;
				SDKROOT = iphoneos;
				SWIFT_OPTIMIZATION_LEVEL = "-Owholemodule";
				TARGETED_DEVICE_FAMILY = "1,2";
				VALIDATE_PRODUCT = YES;
			};
			name = Release;
		};
		B8F6CBDA1E598CDB00F43742 /* Debug */ = {
			isa = XCBuildConfiguration;
			baseConfigurationReference = 364EDCEF37BE4E96BF8DAA38 /* Pods-HeroExample.debug.xcconfig */;
			buildSettings = {
				ASSETCATALOG_COMPILER_APPICON_NAME = AppIcon;
				INFOPLIST_FILE = HeroExample/Info.plist;
				LD_RUNPATH_SEARCH_PATHS = "$(inherited) @executable_path/Frameworks";
				PRODUCT_BUNDLE_IDENTIFIER = com.ikezzi.HeroExample;
				PRODUCT_NAME = "$(TARGET_NAME)";
				SWIFT_VERSION = 3.0;
			};
			name = Debug;
		};
		B8F6CBDB1E598CDB00F43742 /* Release */ = {
			isa = XCBuildConfiguration;
			baseConfigurationReference = AC320D628B2101C8CA88643C /* Pods-HeroExample.release.xcconfig */;
			buildSettings = {
				ASSETCATALOG_COMPILER_APPICON_NAME = AppIcon;
				INFOPLIST_FILE = HeroExample/Info.plist;
				LD_RUNPATH_SEARCH_PATHS = "$(inherited) @executable_path/Frameworks";
				PRODUCT_BUNDLE_IDENTIFIER = com.ikezzi.HeroExample;
				PRODUCT_NAME = "$(TARGET_NAME)";
				SWIFT_VERSION = 3.0;
			};
			name = Release;
		};
/* End XCBuildConfiguration section */

/* Begin XCConfigurationList section */
		B8F6CBC21E598CDB00F43742 /* Build configuration list for PBXProject "HeroExample" */ = {
			isa = XCConfigurationList;
			buildConfigurations = (
				B8F6CBD71E598CDB00F43742 /* Debug */,
				B8F6CBD81E598CDB00F43742 /* Release */,
			);
			defaultConfigurationIsVisible = 0;
			defaultConfigurationName = Release;
		};
		B8F6CBD91E598CDB00F43742 /* Build configuration list for PBXNativeTarget "HeroExample" */ = {
			isa = XCConfigurationList;
			buildConfigurations = (
				B8F6CBDA1E598CDB00F43742 /* Debug */,
				B8F6CBDB1E598CDB00F43742 /* Release */,
			);
			defaultConfigurationIsVisible = 0;
		};
/* End XCConfigurationList section */
	};
	rootObject = B8F6CBBF1E598CDB00F43742 /* Project object */;
}
